
Microsoft Visual Studio Solution File, Format Version 12.00
# Visual Studio 14
VisualStudioVersion = 14.0.25123.0
MinimumVisualStudioVersion = 10.0.40219.1
Project("{FAE04EC0-301F-11D3-BF4B-00C04F79EFBC}") = "EvershockGame", "EvershockGame\EvershockGame.csproj", "{7983F8AD-F539-4701-9A0E-3F79F60FDBEF}"
EndProject
Project("{FAE04EC0-301F-11D3-BF4B-00C04F79EFBC}") = "Managers", "Managers\Managers.csproj", "{85EB4DEA-38A6-45DC-B308-5D333073440E}"
EndProject
Project("{FAE04EC0-301F-11D3-BF4B-00C04F79EFBC}") = "EntityComponent", "EntityComponent\EntityComponent.csproj", "{E047E35A-8534-4685-ADBE-733CB7997D87}"
EndProject
Global
	GlobalSection(SolutionConfigurationPlatforms) = preSolution
		Debug|Any CPU = Debug|Any CPU
		Debug|x86 = Debug|x86
		Release|Any CPU = Release|Any CPU
		Release|x86 = Release|x86
	EndGlobalSection
	GlobalSection(ProjectConfigurationPlatforms) = postSolution
		{7983F8AD-F539-4701-9A0E-3F79F60FDBEF}.Debug|Any CPU.ActiveCfg = Debug|x86
		{7983F8AD-F539-4701-9A0E-3F79F60FDBEF}.Debug|x86.ActiveCfg = Debug|x86
		{7983F8AD-F539-4701-9A0E-3F79F60FDBEF}.Debug|x86.Build.0 = Debug|x86
		{7983F8AD-F539-4701-9A0E-3F79F60FDBEF}.Release|Any CPU.ActiveCfg = Release|x86
		{7983F8AD-F539-4701-9A0E-3F79F60FDBEF}.Release|x86.ActiveCfg = Release|x86
		{7983F8AD-F539-4701-9A0E-3F79F60FDBEF}.Release|x86.Build.0 = Release|x86
		{85EB4DEA-38A6-45DC-B308-5D333073440E}.Debug|Any CPU.ActiveCfg = Debug|Any CPU
		{85EB4DEA-38A6-45DC-B308-5D333073440E}.Debug|Any CPU.Build.0 = Debug|Any CPU
		{85EB4DEA-38A6-45DC-B308-5D333073440E}.Debug|x86.ActiveCfg = Debug|Any CPU
		{85EB4DEA-38A6-45DC-B308-5D333073440E}.Debug|x86.Build.0 = Debug|Any CPU
		{85EB4DEA-38A6-45DC-B308-5D333073440E}.Release|Any CPU.ActiveCfg = Release|Any CPU
		{85EB4DEA-38A6-45DC-B308-5D333073440E}.Release|Any CPU.Build.0 = Release|Any CPU
		{85EB4DEA-38A6-45DC-B308-5D333073440E}.Release|x86.ActiveCfg = Release|Any CPU
		{85EB4DEA-38A6-45DC-B308-5D333073440E}.Release|x86.Build.0 = Release|Any CPU
		{E047E35A-8534-4685-ADBE-733CB7997D87}.Debug|Any CPU.ActiveCfg = Debug|Any CPU
		{E047E35A-8534-4685-ADBE-733CB7997D87}.Debug|Any CPU.Build.0 = Debug|Any CPU
		{E047E35A-8534-4685-ADBE-733CB7997D87}.Debug|x86.ActiveCfg = Debug|Any CPU
		{E047E35A-8534-4685-ADBE-733CB7997D87}.Debug|x86.Build.0 = Debug|Any CPU
		{E047E35A-8534-4685-ADBE-733CB7997D87}.Release|Any CPU.ActiveCfg = Release|Any CPU
		{E047E35A-8534-4685-ADBE-733CB7997D87}.Release|Any CPU.Build.0 = Release|Any CPU
		{E047E35A-8534-4685-ADBE-733CB7997D87}.Release|x86.ActiveCfg = Release|Any CPU
		{E047E35A-8534-4685-ADBE-733CB7997D87}.Release|x86.Build.0 = Release|Any CPU
	EndGlobalSection
	GlobalSection(SolutionProperties) = preSolution
		HideSolutionNode = FALSE
	EndGlobalSection
EndGlobal
